// !$*UTF8*$!
{
	archiveVersion = 1;
	classes = {
	};
	objectVersion = 46;
	objects = {

/* Begin PBXBuildFile section */
		749EE07E1DA019F000BDFEC5 /* AppDelegate.swift in Sources */ = {isa = PBXBuildFile; fileRef = 749EE07D1DA019F000BDFEC5 /* AppDelegate.swift */; };
		749EE0801DA019F000BDFEC5 /* MasterViewController.swift in Sources */ = {isa = PBXBuildFile; fileRef = 749EE07F1DA019F000BDFEC5 /* MasterViewController.swift */; };
		749EE0831DA019F000BDFEC5 /* Main.storyboard in Resources */ = {isa = PBXBuildFile; fileRef = 749EE0811DA019F000BDFEC5 /* Main.storyboard */; };
		749EE0851DA019F000BDFEC5 /* Assets.xcassets in Resources */ = {isa = PBXBuildFile; fileRef = 749EE0841DA019F000BDFEC5 /* Assets.xcassets */; };
		749EE0881DA019F000BDFEC5 /* LaunchScreen.storyboard in Resources */ = {isa = PBXBuildFile; fileRef = 749EE0861DA019F000BDFEC5 /* LaunchScreen.storyboard */; };
		749EE0901DA01A6A00BDFEC5 /* DetailViewController.swift in Sources */ = {isa = PBXBuildFile; fileRef = 749EE08F1DA01A6A00BDFEC5 /* DetailViewController.swift */; };
		749EE0921DA01A9900BDFEC5 /* AddContactViewController.swift in Sources */ = {isa = PBXBuildFile; fileRef = 749EE0911DA01A9900BDFEC5 /* AddContactViewController.swift */; };
/* End PBXBuildFile section */

/* Begin PBXFileReference section */
		749EE07A1DA019EF00BDFEC5 /* My Agenda.app */ = {isa = PBXFileReference; explicitFileType = wrapper.application; includeInIndex = 0; path = "My Agenda.app"; sourceTree = BUILT_PRODUCTS_DIR; };
		749EE07D1DA019F000BDFEC5 /* AppDelegate.swift */ = {isa = PBXFileReference; lastKnownFileType = sourcecode.swift; path = AppDelegate.swift; sourceTree = "<group>"; };
		749EE07F1DA019F000BDFEC5 /* MasterViewController.swift */ = {isa = PBXFileReference; lastKnownFileType = sourcecode.swift; path = MasterViewController.swift; sourceTree = "<group>"; };
		749EE0821DA019F000BDFEC5 /* Base */ = {isa = PBXFileReference; lastKnownFileType = file.storyboard; name = Base; path = Base.lproj/Main.storyboard; sourceTree = "<group>"; };
		749EE0841DA019F000BDFEC5 /* Assets.xcassets */ = {isa = PBXFileReference; lastKnownFileType = folder.assetcatalog; path = Assets.xcassets; sourceTree = "<group>"; };
		749EE0871DA019F000BDFEC5 /* Base */ = {isa = PBXFileReference; lastKnownFileType = file.storyboard; name = Base; path = Base.lproj/LaunchScreen.storyboard; sourceTree = "<group>"; };
		749EE0891DA019F000BDFEC5 /* Info.plist */ = {isa = PBXFileReference; lastKnownFileType = text.plist.xml; path = Info.plist; sourceTree = "<group>"; };
		749EE08F1DA01A6A00BDFEC5 /* DetailViewController.swift */ = {isa = PBXFileReference; fileEncoding = 4; lastKnownFileType = sourcecode.swift; path = DetailViewController.swift; sourceTree = "<group>"; };
		749EE0911DA01A9900BDFEC5 /* AddContactViewController.swift */ = {isa = PBXFileReference; fileEncoding = 4; lastKnownFileType = sourcecode.swift; path = AddContactViewController.swift; sourceTree = "<group>"; };
/* End PBXFileReference section */

/* Begin PBXFrameworksBuildPhase section */
		749EE0771DA019EF00BDFEC5 /* Frameworks */ = {
			isa = PBXFrameworksBuildPhase;
			buildActionMask = 2147483647;
			files = (
			);
			runOnlyForDeploymentPostprocessing = 0;
		};
/* End PBXFrameworksBuildPhase section */

/* Begin PBXGroup section */
		749EE0711DA019EF00BDFEC5 = {
			isa = PBXGroup;
			children = (
				749EE07C1DA019F000BDFEC5 /* My Agenda */,
				749EE07B1DA019EF00BDFEC5 /* Products */,
			);
			sourceTree = "<group>";
		};
		749EE07B1DA019EF00BDFEC5 /* Products */ = {
			isa = PBXGroup;
			children = (
				749EE07A1DA019EF00BDFEC5 /* My Agenda.app */,
			);
			name = Products;
			sourceTree = "<group>";
		};
		749EE07C1DA019F000BDFEC5 /* My Agenda */ = {
			isa = PBXGroup;
			children = (
				749EE07D1DA019F000BDFEC5 /* AppDelegate.swift */,
				749EE07F1DA019F000BDFEC5 /* MasterViewController.swift */,
				749EE08F1DA01A6A00BDFEC5 /* DetailViewController.swift */,
				749EE0911DA01A9900BDFEC5 /* AddContactViewController.swift */,
				749EE0811DA019F000BDFEC5 /* Main.storyboard */,
				749EE0841DA019F000BDFEC5 /* Assets.xcassets */,
				749EE0861DA019F000BDFEC5 /* LaunchScreen.storyboard */,
				749EE0891DA019F000BDFEC5 /* Info.plist */,
			);
			path = "My Agenda";
			sourceTree = "<group>";
		};
/* End PBXGroup section */

/* Begin PBXNativeTarget section */
		749EE0791DA019EF00BDFEC5 /* My Agenda */ = {
			isa = PBXNativeTarget;
			buildConfigurationList = 749EE08C1DA019F000BDFEC5 /* Build configuration list for PBXNativeTarget "My Agenda" */;
			buildPhases = (
				749EE0761DA019EF00BDFEC5 /* Sources */,
				749EE0771DA019EF00BDFEC5 /* Frameworks */,
				749EE0781DA019EF00BDFEC5 /* Resources */,
			);
			buildRules = (
			);
			dependencies = (
			);
			name = "My Agenda";
			productName = "My Agenda";
			productReference = 749EE07A1DA019EF00BDFEC5 /* My Agenda.app */;
			productType = "com.apple.product-type.application";
		};
/* End PBXNativeTarget section */

/* Begin PBXProject section */
		749EE0721DA019EF00BDFEC5 /* Project object */ = {
			isa = PBXProject;
			attributes = {
				LastSwiftUpdateCheck = 0730;
				LastUpgradeCheck = 0730;
				ORGANIZATIONNAME = "Luiz Felipe Athayde Takakura";
				TargetAttributes = {
					749EE0791DA019EF00BDFEC5 = {
						CreatedOnToolsVersion = 7.3.1;
					};
				};
			};
			buildConfigurationList = 749EE0751DA019EF00BDFEC5 /* Build configuration list for PBXProject "My Agenda" */;
			compatibilityVersion = "Xcode 3.2";
			developmentRegion = English;
			hasScannedForEncodings = 0;
			knownRegions = (
				en,
				Base,
			);
			mainGroup = 749EE0711DA019EF00BDFEC5;
			productRefGroup = 749EE07B1DA019EF00BDFEC5 /* Products */;
			projectDirPath = "";
			projectRoot = "";
			targets = (
				749EE0791DA019EF00BDFEC5 /* My Agenda */,
			);
		};
/* End PBXProject section */

/* Begin PBXResourcesBuildPhase section */
		749EE0781DA019EF00BDFEC5 /* Resources */ = {
			isa = PBXResourcesBuildPhase;
			buildActionMask = 2147483647;
			files = (
				749EE0881DA019F000BDFEC5 /* LaunchScreen.storyboard in Resources */,
				749EE0851DA019F000BDFEC5 /* Assets.xcassets in Resources */,
				749EE0831DA019F000BDFEC5 /* Main.storyboard in Resources */,
			);
			runOnlyForDeploymentPostprocessing = 0;
		};
/* End PBXResourcesBuildPhase section */

/* Begin PBXSourcesBuildPhase section */
		749EE0761DA019EF00BDFEC5 /* Sources */ = {
			isa = PBXSourcesBuildPhase;
			buildActionMask = 2147483647;
			files = (
				749EE0901DA01A6A00BDFEC5 /* DetailViewController.swift in Sources */,
				749EE0921DA01A9900BDFEC5 /* AddContactViewController.swift in Sources */,
				749EE0801DA019F000BDFEC5 /* MasterViewController.swift in Sources */,
				749EE07E1DA019F000BDFEC5 /* AppDelegate.swift in Sources */,
			);
			runOnlyForDeploymentPostprocessing = 0;
		};
/* End PBXSourcesBuildPhase section */

/* Begin PBXVariantGroup section */
		749EE0811DA019F000BDFEC5 /* Main.storyboard */ = {
			isa = PBXVariantGroup;
			children = (
				749EE0821DA019F000BDFEC5 /* Base */,
			);
			name = Main.storyboard;
			sourceTree = "<group>";
		};
		749EE0861DA019F000BDFEC5 /* LaunchScreen.storyboard */ = {
			isa = PBXVariantGroup;
			children = (
				749EE0871DA019F000BDFEC5 /* Base */,
			);
			name = LaunchScreen.storyboard;
			sourceTree = "<group>";
		};
/* End PBXVariantGroup section */

/* Begin XCBuildConfiguration section */
		749EE08A1DA019F000BDFEC5 /* Debug */ = {
			isa = XCBuildConfiguration;
			buildSettings = {
				ALWAYS_SEARCH_USER_PATHS = NO;
				CLANG_ANALYZER_NONNULL = YES;
				CLANG_CXX_LANGUAGE_STANDARD = "gnu++0x";
				CLANG_CXX_LIBRARY = "libc++";
				CLANG_ENABLE_MODULES = YES;
				CLANG_ENABLE_OBJC_ARC = YES;
				CLANG_WARN_BOOL_CONVERSION = YES;
				CLANG_WARN_CONSTANT_CONVERSION = YES;
				CLANG_WARN_DIRECT_OBJC_ISA_USAGE = YES_ERROR;
				CLANG_WARN_EMPTY_BODY = YES;
				CLANG_WARN_ENUM_CONVERSION = YES;
				CLANG_WARN_INT_CONVERSION = YES;
				CLANG_WARN_OBJC_ROOT_CLASS = YES_ERROR;
				CLANG_WARN_UNREACHABLE_CODE = YES;
				CLANG_WARN__DUPLICATE_METHOD_MATCH = YES;
				"CODE_SIGN_IDENTITY[sdk=iphoneos*]" = "iPhone Developer";
				COPY_PHASE_STRIP = NO;
				DEBUG_INFORMATION_FORMAT = dwarf;
				ENABLE_STRICT_OBJC_MSGSEND = YES;
				ENABLE_TESTABILITY = YES;
				GCC_C_LANGUAGE_STANDARD = gnu99;
				GCC_DYNAMIC_NO_PIC = NO;
				GCC_NO_COMMON_BLOCKS = YES;
				GCC_OPTIMIZATION_LEVEL = 0;
				GCC_PREPROCESSOR_DEFINITIONS = (
					"DEBUG=1",
					"$(inherited)",
				);
				GCC_WARN_64_TO_32_BIT_CONVERSION = YES;
				GCC_WARN_ABOUT_RETURN_TYPE = YES_ERROR;
				GCC_WARN_UNDECLARED_SELECTOR = YES;
				GCC_WARN_UNINITIALIZED_AUTOS = YES_AGGRESSIVE;
				GCC_WARN_UNUSED_FUNCTION = YES;
				GCC_WARN_UNUSED_VARIABLE = YES;
				IPHONEOS_DEPLOYMENT_TARGET = 9.3;
				MTL_ENABLE_DEBUG_INFO = YES;
				ONLY_ACTIVE_ARCH = YES;
				SDKROOT = iphoneos;
				SWIFT_OPTIMIZATION_LEVEL = "-Onone";
			};
			name = Debug;
		};
		749EE08B1DA019F000BDFEC5 /* Release */ = {
			isa = XCBuildConfiguration;
			buildSettings = {
				ALWAYS_SEARCH_USER_PATHS = NO;
				CLANG_ANALYZER_NONNULL = YES;
				CLANG_CXX_LANGUAGE_STANDARD = "gnu++0x";
				CLANG_CXX_LIBRARY = "libc++";
				CLANG_ENABLE_MODULES = YES;
				CLANG_ENABLE_OBJC_ARC = YES;
				CLANG_WARN_BOOL_CONVERSION = YES;
				CLANG_WARN_CONSTANT_CONVERSION = YES;
				CLANG_WARN_DIRECT_OBJC_ISA_USAGE = YES_ERROR;
				CLANG_WARN_EMPTY_BODY = YES;
				CLANG_WARN_ENUM_CONVERSION = YES;
				CLANG_WARN_INT_CONVERSION = YES;
				CLANG_WARN_OBJC_ROOT_CLASS = YES_ERROR;
				CLANG_WARN_UNREACHABLE_CODE = YES;
				CLANG_WARN__DUPLICATE_METHOD_MATCH = YES;
				"CODE_SIGN_IDENTITY[sdk=iphoneos*]" = "iPhone Developer";
				COPY_PHASE_STRIP = NO;
				DEBUG_INFORMATION_FORMAT = "dwarf-with-dsym";
				ENABLE_NS_ASSERTIONS = NO;
				ENABLE_STRICT_OBJC_MSGSEND = YES;
				GCC_C_LANGUAGE_STANDARD = gnu99;
				GCC_NO_COMMON_BLOCKS = YES;
				GCC_WARN_64_TO_32_BIT_CONVERSION = YES;
				GCC_WARN_ABOUT_RETURN_TYPE = YES_ERROR;
				GCC_WARN_UNDECLARED_SELECTOR = YES;
				GCC_WARN_UNINITIALIZED_AUTOS = YES_AGGRESSIVE;
				GCC_WARN_UNUSED_FUNCTION = YES;
				GCC_WARN_UNUSED_VARIABLE = YES;
				IPHONEOS_DEPLOYMENT_TARGET = 9.3;
				MTL_ENABLE_DEBUG_INFO = NO;
				SDKROOT = iphoneos;
				VALIDATE_PRODUCT = YES;
			};
			name = Release;
		};
		749EE08D1DA019F000BDFEC5 /* Debug */ = {
			isa = XCBuildConfiguration;
			buildSettings = {
				ASSETCATALOG_COMPILER_APPICON_NAME = AppIcon;
				INFOPLIST_FILE = "My Agenda/Info.plist";
				LD_RUNPATH_SEARCH_PATHS = "$(inherited) @executable_path/Frameworks";
				PRODUCT_BUNDLE_IDENTIFIER = "com.taka.my-agenda.My-Agenda";
				PRODUCT_NAME = "$(TARGET_NAME)";
			};
			name = Debug;
		};
		749EE08E1DA019F000BDFEC5 /* Release */ = {
			isa = XCBuildConfiguration;
			buildSettings = {
				ASSETCATALOG_COMPILER_APPICON_NAME = AppIcon;
				INFOPLIST_FILE = "My Agenda/Info.plist";
				LD_RUNPATH_SEARCH_PATHS = "$(inherited) @executable_path/Frameworks";
				PRODUCT_BUNDLE_IDENTIFIER = "com.taka.my-agenda.My-Agenda";
				PRODUCT_NAME = "$(TARGET_NAME)";
			};
			name = Release;
		};
/* End XCBuildConfiguration section */

/* Begin XCConfigurationList section */
		749EE0751DA019EF00BDFEC5 /* Build configuration list for PBXProject "My Agenda" */ = {
			isa = XCConfigurationList;
			buildConfigurations = (
				749EE08A1DA019F000BDFEC5 /* Debug */,
				749EE08B1DA019F000BDFEC5 /* Release */,
			);
			defaultConfigurationIsVisible = 0;
			defaultConfigurationName = Release;
		};
		749EE08C1DA019F000BDFEC5 /* Build configuration list for PBXNativeTarget "My Agenda" */ = {
			isa = XCConfigurationList;
			buildConfigurations = (
				749EE08D1DA019F000BDFEC5 /* Debug */,
				749EE08E1DA019F000BDFEC5 /* Release */,
			);
			defaultConfigurationIsVisible = 0;
		};
/* End XCConfigurationList section */
	};
	rootObject = 749EE0721DA019EF00BDFEC5 /* Project object */;
}
